
Microsoft Visual Studio Solution File, Format Version 12.00
# Visual Studio Version 16
VisualStudioVersion = 16.0.29509.3
MinimumVisualStudioVersion = 10.0.40219.1
Project("{FAE04EC0-301F-11D3-BF4B-00C04F79EFBC}") = "Bach.DotNet.DRY.Model", "Bach.DotNet.DRY.Model\Bach.DotNet.DRY.Model.csproj", "{A697ED05-01B3-41B7-87EE-AEC70A6708D9}"
EndProject
Global
	GlobalSection(SolutionConfigurationPlatforms) = preSolution
		Debug|Any CPU = Debug|Any CPU
		Release|Any CPU = Release|Any CPU
	EndGlobalSection
	GlobalSection(ProjectConfigurationPlatforms) = postSolution
		{A697ED05-01B3-41B7-87EE-AEC70A6708D9}.Debug|Any CPU.ActiveCfg = Debug|Any CPU
		{A697ED05-01B3-41B7-87EE-AEC70A6708D9}.Debug|Any CPU.Build.0 = Debug|Any CPU
		{A697ED05-01B3-41B7-87EE-AEC70A6708D9}.Release|Any CPU.ActiveCfg = Release|Any CPU
		{A697ED05-01B3-41B7-87EE-AEC70A6708D9}.Release|Any CPU.Build.0 = Release|Any CPU
	EndGlobalSection
	GlobalSection(SolutionProperties) = preSolution
		HideSolutionNode = FALSE
	EndGlobalSection
	GlobalSection(ExtensibilityGlobals) = postSolution
		SolutionGuid = {14BECC8F-24DB-4997-8E9E-92B71A225CDF}
	EndGlobalSection
EndGlobal
